
Microsoft Visual Studio Solution File, Format Version 12.00
# Visual Studio Version 16
VisualStudioVersion = 16.0.32228.343
MinimumVisualStudioVersion = 10.0.40219.1
Project("{8BC9CEB8-8B4A-11D0-8D11-00A0C91BC942}") = "Chip8Emu", "Chip8Emu\Chip8Emu.vcxproj", "{1C309EBA-2C45-4F34-AA13-FC4A7C43BB73}"
EndProject
Global
	GlobalSection(SolutionConfigurationPlatforms) = preSolution
		Debug|x64 = Debug|x64
		Debug|x86 = Debug|x86
		Release|x64 = Release|x64
		Release|x86 = Release|x86
	EndGlobalSection
	GlobalSection(ProjectConfigurationPlatforms) = postSolution
		{1C309EBA-2C45-4F34-AA13-FC4A7C43BB73}.Debug|x64.ActiveCfg = Debug|x64
		{1C309EBA-2C45-4F34-AA13-FC4A7C43BB73}.Debug|x64.Build.0 = Debug|x64
		{1C309EBA-2C45-4F34-AA13-FC4A7C43BB73}.Debug|x86.ActiveCfg = Debug|Win32
		{1C309EBA-2C45-4F34-AA13-FC4A7C43BB73}.Debug|x86.Build.0 = Debug|Win32
		{1C309EBA-2C45-4F34-AA13-FC4A7C43BB73}.Release|x64.ActiveCfg = Release|x64
		{1C309EBA-2C45-4F34-AA13-FC4A7C43BB73}.Release|x64.Build.0 = Release|x64
		{1C309EBA-2C45-4F34-AA13-FC4A7C43BB73}.Release|x86.ActiveCfg = Release|Win32
		{1C309EBA-2C45-4F34-AA13-FC4A7C43BB73}.Release|x86.Build.0 = Release|Win32
	EndGlobalSection
	GlobalSection(SolutionProperties) = preSolution
		HideSolutionNode = FALSE
	EndGlobalSection
	GlobalSection(ExtensibilityGlobals) = postSolution
		SolutionGuid = {180AF63F-AD57-4DFB-A2AD-DB0DDCB01A43}
	EndGlobalSection
EndGlobal
